// !$*UTF8*$!
{
	archiveVersion = 1;
	classes = {
	};
	objectVersion = 46;
	objects = {

/* Begin PBXBuildFile section */
		84AA19E31C948BA00020DF96 /* csv.swift in Sources */ = {isa = PBXBuildFile; fileRef = 84AA19E21C948B9F0020DF96 /* csv.swift */; };
		84AA19EA1C9495460020DF96 /* pokemon.ttf in Resources */ = {isa = PBXBuildFile; fileRef = 84AA19E91C9495460020DF96 /* pokemon.ttf */; };
		84AEBEB91C9453BC0015DDD1 /* AppDelegate.swift in Sources */ = {isa = PBXBuildFile; fileRef = 84AEBEB81C9453BC0015DDD1 /* AppDelegate.swift */; };
		84AEBEBB1C9453BC0015DDD1 /* ViewController.swift in Sources */ = {isa = PBXBuildFile; fileRef = 84AEBEBA1C9453BC0015DDD1 /* ViewController.swift */; };
		84AEBEBE1C9453BC0015DDD1 /* Main.storyboard in Resources */ = {isa = PBXBuildFile; fileRef = 84AEBEBC1C9453BC0015DDD1 /* Main.storyboard */; };
		84AEBEC01C9453BC0015DDD1 /* Assets.xcassets in Resources */ = {isa = PBXBuildFile; fileRef = 84AEBEBF1C9453BC0015DDD1 /* Assets.xcassets */; };
		84AEBEC31C9453BC0015DDD1 /* LaunchScreen.storyboard in Resources */ = {isa = PBXBuildFile; fileRef = 84AEBEC11C9453BC0015DDD1 /* LaunchScreen.storyboard */; };
		84AEBECB1C945BF20015DDD1 /* pokemon.csv in Resources */ = {isa = PBXBuildFile; fileRef = 84AEBECA1C945BF20015DDD1 /* pokemon.csv */; };
		84AEBED01C945D2E0015DDD1 /* Pokemon.swift in Sources */ = {isa = PBXBuildFile; fileRef = 84AEBECF1C945D2E0015DDD1 /* Pokemon.swift */; };
		84AEBED31C9472E70015DDD1 /* PokeCell.swift in Sources */ = {isa = PBXBuildFile; fileRef = 84AEBED21C9472E70015DDD1 /* PokeCell.swift */; };
/* End PBXBuildFile section */

/* Begin PBXFileReference section */
		84AA19E21C948B9F0020DF96 /* csv.swift */ = {isa = PBXFileReference; fileEncoding = 4; lastKnownFileType = sourcecode.swift; path = csv.swift; sourceTree = "<group>"; };
		84AA19E91C9495460020DF96 /* pokemon.ttf */ = {isa = PBXFileReference; lastKnownFileType = file; path = pokemon.ttf; sourceTree = "<group>"; };
		84AEBEB51C9453BC0015DDD1 /* Pokedex-by-Sviridov.app */ = {isa = PBXFileReference; explicitFileType = wrapper.application; includeInIndex = 0; path = "Pokedex-by-Sviridov.app"; sourceTree = BUILT_PRODUCTS_DIR; };
		84AEBEB81C9453BC0015DDD1 /* AppDelegate.swift */ = {isa = PBXFileReference; lastKnownFileType = sourcecode.swift; path = AppDelegate.swift; sourceTree = "<group>"; };
		84AEBEBA1C9453BC0015DDD1 /* ViewController.swift */ = {isa = PBXFileReference; lastKnownFileType = sourcecode.swift; path = ViewController.swift; sourceTree = "<group>"; };
		84AEBEBD1C9453BC0015DDD1 /* Base */ = {isa = PBXFileReference; lastKnownFileType = file.storyboard; name = Base; path = Base.lproj/Main.storyboard; sourceTree = "<group>"; };
		84AEBEBF1C9453BC0015DDD1 /* Assets.xcassets */ = {isa = PBXFileReference; lastKnownFileType = folder.assetcatalog; path = Assets.xcassets; sourceTree = "<group>"; };
		84AEBEC21C9453BC0015DDD1 /* Base */ = {isa = PBXFileReference; lastKnownFileType = file.storyboard; name = Base; path = Base.lproj/LaunchScreen.storyboard; sourceTree = "<group>"; };
		84AEBEC41C9453BC0015DDD1 /* Info.plist */ = {isa = PBXFileReference; lastKnownFileType = text.plist.xml; path = Info.plist; sourceTree = "<group>"; };
		84AEBECA1C945BF20015DDD1 /* pokemon.csv */ = {isa = PBXFileReference; fileEncoding = 4; lastKnownFileType = text; name = pokemon.csv; path = "../../pokeapi-master/data/v1/pokemon.csv"; sourceTree = "<group>"; };
		84AEBECF1C945D2E0015DDD1 /* Pokemon.swift */ = {isa = PBXFileReference; fileEncoding = 4; lastKnownFileType = sourcecode.swift; path = Pokemon.swift; sourceTree = "<group>"; };
		84AEBED21C9472E70015DDD1 /* PokeCell.swift */ = {isa = PBXFileReference; fileEncoding = 4; lastKnownFileType = sourcecode.swift; path = PokeCell.swift; sourceTree = "<group>"; };
/* End PBXFileReference section */

/* Begin PBXFrameworksBuildPhase section */
		84AEBEB21C9453BC0015DDD1 /* Frameworks */ = {
			isa = PBXFrameworksBuildPhase;
			buildActionMask = 2147483647;
			files = (
			);
			runOnlyForDeploymentPostprocessing = 0;
		};
/* End PBXFrameworksBuildPhase section */

/* Begin PBXGroup section */
		84AA19E41C948BB30020DF96 /* Controller */ = {
			isa = PBXGroup;
			children = (
				84AEBEBA1C9453BC0015DDD1 /* ViewController.swift */,
			);
			name = Controller;
			sourceTree = "<group>";
		};
		84AA19E51C948BD10020DF96 /* Util */ = {
			isa = PBXGroup;
			children = (
				84AA19E21C948B9F0020DF96 /* csv.swift */,
			);
			name = Util;
			sourceTree = "<group>";
		};
		84AA19E61C948C050020DF96 /* Resources */ = {
			isa = PBXGroup;
			children = (
				84AA19E91C9495460020DF96 /* pokemon.ttf */,
				84AEBECA1C945BF20015DDD1 /* pokemon.csv */,
			);
			name = Resources;
			sourceTree = "<group>";
		};
		84AEBEAC1C9453BC0015DDD1 = {
			isa = PBXGroup;
			children = (
				84AEBEB71C9453BC0015DDD1 /* Pokedex-by-Sviridov */,
				84AEBEB61C9453BC0015DDD1 /* Products */,
			);
			sourceTree = "<group>";
		};
		84AEBEB61C9453BC0015DDD1 /* Products */ = {
			isa = PBXGroup;
			children = (
				84AEBEB51C9453BC0015DDD1 /* Pokedex-by-Sviridov.app */,
			);
			name = Products;
			sourceTree = "<group>";
		};
		84AEBEB71C9453BC0015DDD1 /* Pokedex-by-Sviridov */ = {
			isa = PBXGroup;
			children = (
				84AEBECC1C945D000015DDD1 /* Model */,
				84AEBED11C9472630015DDD1 /* View */,
				84AA19E41C948BB30020DF96 /* Controller */,
				84AA19E51C948BD10020DF96 /* Util */,
				84AA19E61C948C050020DF96 /* Resources */,
				84AEBEB81C9453BC0015DDD1 /* AppDelegate.swift */,
				84AEBEBC1C9453BC0015DDD1 /* Main.storyboard */,
				84AEBEBF1C9453BC0015DDD1 /* Assets.xcassets */,
				84AEBEC11C9453BC0015DDD1 /* LaunchScreen.storyboard */,
				84AEBEC41C9453BC0015DDD1 /* Info.plist */,
			);
			path = "Pokedex-by-Sviridov";
			sourceTree = "<group>";
		};
		84AEBECC1C945D000015DDD1 /* Model */ = {
			isa = PBXGroup;
			children = (
				84AEBECF1C945D2E0015DDD1 /* Pokemon.swift */,
			);
			name = Model;
			sourceTree = "<group>";
		};
		84AEBED11C9472630015DDD1 /* View */ = {
			isa = PBXGroup;
			children = (
				84AEBED21C9472E70015DDD1 /* PokeCell.swift */,
			);
			name = View;
			sourceTree = "<group>";
		};
/* End PBXGroup section */

/* Begin PBXNativeTarget section */
		84AEBEB41C9453BC0015DDD1 /* Pokedex-by-Sviridov */ = {
			isa = PBXNativeTarget;
			buildConfigurationList = 84AEBEC71C9453BC0015DDD1 /* Build configuration list for PBXNativeTarget "Pokedex-by-Sviridov" */;
			buildPhases = (
				84AEBEB11C9453BC0015DDD1 /* Sources */,
				84AEBEB21C9453BC0015DDD1 /* Frameworks */,
				84AEBEB31C9453BC0015DDD1 /* Resources */,
			);
			buildRules = (
			);
			dependencies = (
			);
			name = "Pokedex-by-Sviridov";
			productName = "Pokedex-by-Sviridov";
			productReference = 84AEBEB51C9453BC0015DDD1 /* Pokedex-by-Sviridov.app */;
			productType = "com.apple.product-type.application";
		};
/* End PBXNativeTarget section */

/* Begin PBXProject section */
		84AEBEAD1C9453BC0015DDD1 /* Project object */ = {
			isa = PBXProject;
			attributes = {
				LastSwiftUpdateCheck = 0730;
				LastUpgradeCheck = 0730;
				ORGANIZATIONNAME = Admin;
				TargetAttributes = {
					84AEBEB41C9453BC0015DDD1 = {
						CreatedOnToolsVersion = 7.3;
					};
				};
			};
			buildConfigurationList = 84AEBEB01C9453BC0015DDD1 /* Build configuration list for PBXProject "Pokedex-by-Sviridov" */;
			compatibilityVersion = "Xcode 3.2";
			developmentRegion = English;
			hasScannedForEncodings = 0;
			knownRegions = (
				en,
				Base,
			);
			mainGroup = 84AEBEAC1C9453BC0015DDD1;
			productRefGroup = 84AEBEB61C9453BC0015DDD1 /* Products */;
			projectDirPath = "";
			projectRoot = "";
			targets = (
				84AEBEB41C9453BC0015DDD1 /* Pokedex-by-Sviridov */,
			);
		};
/* End PBXProject section */

/* Begin PBXResourcesBuildPhase section */
		84AEBEB31C9453BC0015DDD1 /* Resources */ = {
			isa = PBXResourcesBuildPhase;
			buildActionMask = 2147483647;
			files = (
				84AA19EA1C9495460020DF96 /* pokemon.ttf in Resources */,
				84AEBEC31C9453BC0015DDD1 /* LaunchScreen.storyboard in Resources */,
				84AEBEC01C9453BC0015DDD1 /* Assets.xcassets in Resources */,
				84AEBECB1C945BF20015DDD1 /* pokemon.csv in Resources */,
				84AEBEBE1C9453BC0015DDD1 /* Main.storyboard in Resources */,
			);
			runOnlyForDeploymentPostprocessing = 0;
		};
/* End PBXResourcesBuildPhase section */

/* Begin PBXSourcesBuildPhase section */
		84AEBEB11C9453BC0015DDD1 /* Sources */ = {
			isa = PBXSourcesBuildPhase;
			buildActionMask = 2147483647;
			files = (
				84AEBED31C9472E70015DDD1 /* PokeCell.swift in Sources */,
				84AEBEBB1C9453BC0015DDD1 /* ViewController.swift in Sources */,
				84AEBEB91C9453BC0015DDD1 /* AppDelegate.swift in Sources */,
				84AEBED01C945D2E0015DDD1 /* Pokemon.swift in Sources */,
				84AA19E31C948BA00020DF96 /* csv.swift in Sources */,
			);
			runOnlyForDeploymentPostprocessing = 0;
		};
/* End PBXSourcesBuildPhase section */

/* Begin PBXVariantGroup section */
		84AEBEBC1C9453BC0015DDD1 /* Main.storyboard */ = {
			isa = PBXVariantGroup;
			children = (
				84AEBEBD1C9453BC0015DDD1 /* Base */,
			);
			name = Main.storyboard;
			sourceTree = "<group>";
		};
		84AEBEC11C9453BC0015DDD1 /* LaunchScreen.storyboard */ = {
			isa = PBXVariantGroup;
			children = (
				84AEBEC21C9453BC0015DDD1 /* Base */,
			);
			name = LaunchScreen.storyboard;
			sourceTree = "<group>";
		};
/* End PBXVariantGroup section */

/* Begin XCBuildConfiguration section */
		84AEBEC51C9453BC0015DDD1 /* Debug */ = {
			isa = XCBuildConfiguration;
			buildSettings = {
				ALWAYS_SEARCH_USER_PATHS = NO;
				CLANG_CXX_LANGUAGE_STANDARD = "gnu++0x";
				CLANG_CXX_LIBRARY = "libc++";
				CLANG_ENABLE_MODULES = YES;
				CLANG_ENABLE_OBJC_ARC = YES;
				CLANG_WARN_BOOL_CONVERSION = YES;
				CLANG_WARN_CONSTANT_CONVERSION = YES;
				CLANG_WARN_DIRECT_OBJC_ISA_USAGE = YES_ERROR;
				CLANG_WARN_EMPTY_BODY = YES;
				CLANG_WARN_ENUM_CONVERSION = YES;
				CLANG_WARN_INT_CONVERSION = YES;
				CLANG_WARN_OBJC_ROOT_CLASS = YES_ERROR;
				CLANG_WARN_UNREACHABLE_CODE = YES;
				CLANG_WARN__DUPLICATE_METHOD_MATCH = YES;
				"CODE_SIGN_IDENTITY[sdk=iphoneos*]" = "iPhone Developer";
				COPY_PHASE_STRIP = NO;
				DEBUG_INFORMATION_FORMAT = dwarf;
				ENABLE_STRICT_OBJC_MSGSEND = YES;
				ENABLE_TESTABILITY = YES;
				GCC_C_LANGUAGE_STANDARD = gnu99;
				GCC_DYNAMIC_NO_PIC = NO;
				GCC_NO_COMMON_BLOCKS = YES;
				GCC_OPTIMIZATION_LEVEL = 0;
				GCC_PREPROCESSOR_DEFINITIONS = (
					"DEBUG=1",
					"$(inherited)",
				);
				GCC_WARN_64_TO_32_BIT_CONVERSION = YES;
				GCC_WARN_ABOUT_RETURN_TYPE = YES_ERROR;
				GCC_WARN_UNDECLARED_SELECTOR = YES;
				GCC_WARN_UNINITIALIZED_AUTOS = YES_AGGRESSIVE;
				GCC_WARN_UNUSED_FUNCTION = YES;
				GCC_WARN_UNUSED_VARIABLE = YES;
				IPHONEOS_DEPLOYMENT_TARGET = 9.3;
				MTL_ENABLE_DEBUG_INFO = YES;
				ONLY_ACTIVE_ARCH = YES;
				SDKROOT = iphoneos;
				SWIFT_OPTIMIZATION_LEVEL = "-Onone";
				TARGETED_DEVICE_FAMILY = "1,2";
			};
			name = Debug;
		};
		84AEBEC61C9453BC0015DDD1 /* Release */ = {
			isa = XCBuildConfiguration;
			buildSettings = {
				ALWAYS_SEARCH_USER_PATHS = NO;
				CLANG_CXX_LANGUAGE_STANDARD = "gnu++0x";
				CLANG_CXX_LIBRARY = "libc++";
				CLANG_ENABLE_MODULES = YES;
				CLANG_ENABLE_OBJC_ARC = YES;
				CLANG_WARN_BOOL_CONVERSION = YES;
				CLANG_WARN_CONSTANT_CONVERSION = YES;
				CLANG_WARN_DIRECT_OBJC_ISA_USAGE = YES_ERROR;
				CLANG_WARN_EMPTY_BODY = YES;
				CLANG_WARN_ENUM_CONVERSION = YES;
				CLANG_WARN_INT_CONVERSION = YES;
				CLANG_WARN_OBJC_ROOT_CLASS = YES_ERROR;
				CLANG_WARN_UNREACHABLE_CODE = YES;
				CLANG_WARN__DUPLICATE_METHOD_MATCH = YES;
				"CODE_SIGN_IDENTITY[sdk=iphoneos*]" = "iPhone Developer";
				COPY_PHASE_STRIP = NO;
				DEBUG_INFORMATION_FORMAT = "dwarf-with-dsym";
				ENABLE_NS_ASSERTIONS = NO;
				ENABLE_STRICT_OBJC_MSGSEND = YES;
				GCC_C_LANGUAGE_STANDARD = gnu99;
				GCC_NO_COMMON_BLOCKS = YES;
				GCC_WARN_64_TO_32_BIT_CONVERSION = YES;
				GCC_WARN_ABOUT_RETURN_TYPE = YES_ERROR;
				GCC_WARN_UNDECLARED_SELECTOR = YES;
				GCC_WARN_UNINITIALIZED_AUTOS = YES_AGGRESSIVE;
				GCC_WARN_UNUSED_FUNCTION = YES;
				GCC_WARN_UNUSED_VARIABLE = YES;
				IPHONEOS_DEPLOYMENT_TARGET = 9.3;
				MTL_ENABLE_DEBUG_INFO = NO;
				SDKROOT = iphoneos;
				TARGETED_DEVICE_FAMILY = "1,2";
				VALIDATE_PRODUCT = YES;
			};
			name = Release;
		};
		84AEBEC81C9453BC0015DDD1 /* Debug */ = {
			isa = XCBuildConfiguration;
			buildSettings = {
				ASSETCATALOG_COMPILER_APPICON_NAME = AppIcon;
				INFOPLIST_FILE = "Pokedex-by-Sviridov/Info.plist";
				LD_RUNPATH_SEARCH_PATHS = "$(inherited) @executable_path/Frameworks";
				PRODUCT_BUNDLE_IDENTIFIER = "Svyrydov.Pokedex-by-Sviridov";
				PRODUCT_NAME = "$(TARGET_NAME)";
			};
			name = Debug;
		};
		84AEBEC91C9453BC0015DDD1 /* Release */ = {
			isa = XCBuildConfiguration;
			buildSettings = {
				ASSETCATALOG_COMPILER_APPICON_NAME = AppIcon;
				INFOPLIST_FILE = "Pokedex-by-Sviridov/Info.plist";
				LD_RUNPATH_SEARCH_PATHS = "$(inherited) @executable_path/Frameworks";
				PRODUCT_BUNDLE_IDENTIFIER = "Svyrydov.Pokedex-by-Sviridov";
				PRODUCT_NAME = "$(TARGET_NAME)";
			};
			name = Release;
		};
/* End XCBuildConfiguration section */

/* Begin XCConfigurationList section */
		84AEBEB01C9453BC0015DDD1 /* Build configuration list for PBXProject "Pokedex-by-Sviridov" */ = {
			isa = XCConfigurationList;
			buildConfigurations = (
				84AEBEC51C9453BC0015DDD1 /* Debug */,
				84AEBEC61C9453BC0015DDD1 /* Release */,
			);
			defaultConfigurationIsVisible = 0;
			defaultConfigurationName = Release;
		};
		84AEBEC71C9453BC0015DDD1 /* Build configuration list for PBXNativeTarget "Pokedex-by-Sviridov" */ = {
			isa = XCConfigurationList;
			buildConfigurations = (
				84AEBEC81C9453BC0015DDD1 /* Debug */,
				84AEBEC91C9453BC0015DDD1 /* Release */,
			);
			defaultConfigurationIsVisible = 0;
			defaultConfigurationName = Release;
		};
/* End XCConfigurationList section */
	};
	rootObject = 84AEBEAD1C9453BC0015DDD1 /* Project object */;
}
